
Microsoft Visual Studio Solution File, Format Version 12.00
# Visual Studio Version 17
VisualStudioVersion = 17.14.36202.13 d17.14
MinimumVisualStudioVersion = 10.0.40219.1
Project("{FAE04EC0-301F-11D3-BF4B-00C04F79EFBC}") = "Ace Admin", "Ace Admin\Ace Admin.csproj", "{2CDA5C2B-0B82-4CD7-8229-DD2A06C8EF01}"
EndProject
Global
	GlobalSection(SolutionConfigurationPlatforms) = preSolution
		Debug|Any CPU = Debug|Any CPU
		Release|Any CPU = Release|Any CPU
	EndGlobalSection
	GlobalSection(ProjectConfigurationPlatforms) = postSolution
		{2CDA5C2B-0B82-4CD7-8229-DD2A06C8EF01}.Debug|Any CPU.ActiveCfg = Debug|Any CPU
		{2CDA5C2B-0B82-4CD7-8229-DD2A06C8EF01}.Debug|Any CPU.Build.0 = Debug|Any CPU
		{2CDA5C2B-0B82-4CD7-8229-DD2A06C8EF01}.Release|Any CPU.ActiveCfg = Release|Any CPU
		{2CDA5C2B-0B82-4CD7-8229-DD2A06C8EF01}.Release|Any CPU.Build.0 = Release|Any CPU
	EndGlobalSection
	GlobalSection(SolutionProperties) = preSolution
		HideSolutionNode = FALSE
	EndGlobalSection
	GlobalSection(ExtensibilityGlobals) = postSolution
		SolutionGuid = {BC81011E-ECBF-46A0-88F6-6CD615A23C61}
	EndGlobalSection
EndGlobal
